
Microsoft Visual Studio Solution File, Format Version 12.00
# Visual Studio Version 17
VisualStudioVersion = 17.7.34024.191
MinimumVisualStudioVersion = 10.0.40219.1
Project("{FAE04EC0-301F-11D3-BF4B-00C04F79EFBC}") = "WebPx.Trep.Reader", "WebPx.Trep.Reader\WebPx.Trep.Reader.csproj", "{AE77C748-FA98-4EDB-81A0-106DBDACBC0E}"
EndProject
Project("{2150E333-8FDC-42A3-9474-1A3956D46DE8}") = "Solution Items", "Solution Items", "{4786BC17-CDF3-4BBE-A45A-494186366880}"
	ProjectSection(SolutionItems) = preProject
		Directory.Build.props = Directory.Build.props
		..\..\README.md = ..\..\README.md
	EndProjectSection
EndProject
Project("{FAE04EC0-301F-11D3-BF4B-00C04F79EFBC}") = "WebPx.Trep.Exporter", "WebPx.Trep.Exporter\WebPx.Trep.Exporter.csproj", "{089F333F-C8A8-4E03-A1C8-8C828E672487}"
EndProject
Project("{FAE04EC0-301F-11D3-BF4B-00C04F79EFBC}") = "WebPx.Trep.OnlineViewer", "WebPx.Trep.OnlineViewer\WebPx.Trep.OnlineViewer.csproj", "{3B6C583E-069E-4164-A59F-8E1A7D973E94}"
EndProject
Project("{FAE04EC0-301F-11D3-BF4B-00C04F79EFBC}") = "ConsoleApp1", "ConsoleApp1\ConsoleApp1.csproj", "{E39B65D5-80BC-4F52-A86A-7240B462A767}"
EndProject
Global
	GlobalSection(SolutionConfigurationPlatforms) = preSolution
		Debug|Any CPU = Debug|Any CPU
		Release|Any CPU = Release|Any CPU
	EndGlobalSection
	GlobalSection(ProjectConfigurationPlatforms) = postSolution
		{AE77C748-FA98-4EDB-81A0-106DBDACBC0E}.Debug|Any CPU.ActiveCfg = Debug|Any CPU
		{AE77C748-FA98-4EDB-81A0-106DBDACBC0E}.Debug|Any CPU.Build.0 = Debug|Any CPU
		{AE77C748-FA98-4EDB-81A0-106DBDACBC0E}.Release|Any CPU.ActiveCfg = Release|Any CPU
		{AE77C748-FA98-4EDB-81A0-106DBDACBC0E}.Release|Any CPU.Build.0 = Release|Any CPU
		{089F333F-C8A8-4E03-A1C8-8C828E672487}.Debug|Any CPU.ActiveCfg = Debug|Any CPU
		{089F333F-C8A8-4E03-A1C8-8C828E672487}.Debug|Any CPU.Build.0 = Debug|Any CPU
		{089F333F-C8A8-4E03-A1C8-8C828E672487}.Release|Any CPU.ActiveCfg = Release|Any CPU
		{089F333F-C8A8-4E03-A1C8-8C828E672487}.Release|Any CPU.Build.0 = Release|Any CPU
		{3B6C583E-069E-4164-A59F-8E1A7D973E94}.Debug|Any CPU.ActiveCfg = Debug|Any CPU
		{3B6C583E-069E-4164-A59F-8E1A7D973E94}.Debug|Any CPU.Build.0 = Debug|Any CPU
		{3B6C583E-069E-4164-A59F-8E1A7D973E94}.Release|Any CPU.ActiveCfg = Release|Any CPU
		{3B6C583E-069E-4164-A59F-8E1A7D973E94}.Release|Any CPU.Build.0 = Release|Any CPU
		{E39B65D5-80BC-4F52-A86A-7240B462A767}.Debug|Any CPU.ActiveCfg = Debug|Any CPU
		{E39B65D5-80BC-4F52-A86A-7240B462A767}.Debug|Any CPU.Build.0 = Debug|Any CPU
		{E39B65D5-80BC-4F52-A86A-7240B462A767}.Release|Any CPU.ActiveCfg = Release|Any CPU
		{E39B65D5-80BC-4F52-A86A-7240B462A767}.Release|Any CPU.Build.0 = Release|Any CPU
	EndGlobalSection
	GlobalSection(SolutionProperties) = preSolution
		HideSolutionNode = FALSE
	EndGlobalSection
	GlobalSection(ExtensibilityGlobals) = postSolution
		SolutionGuid = {23537D99-E260-477A-AC3D-EBC3C274A403}
	EndGlobalSection
EndGlobal
